// !$*UTF8*$!
{
	archiveVersion = 1;
	classes = {
	};
	objectVersion = 56;
	objects = {

/* Begin PBXBuildFile section */
		5B1554F02C6C945A00D0B3C3 /* CaloriesTargetView.swift in Sources */ = {isa = PBXBuildFile; fileRef = 5B1554EF2C6C945A00D0B3C3 /* CaloriesTargetView.swift */; };
		5B1554F92C6E023D00D0B3C3 /* NutrientDetailView.swift in Sources */ = {isa = PBXBuildFile; fileRef = 5B1554F82C6E023D00D0B3C3 /* NutrientDetailView.swift */; };
		5B1554FB2C6E033C00D0B3C3 /* DailyandWeeklyNutrientComponentView.swift in Sources */ = {isa = PBXBuildFile; fileRef = 5B1554FA2C6E033C00D0B3C3 /* DailyandWeeklyNutrientComponentView.swift */; };
		5B1554FD2C71A59B00D0B3C3 /* FoodListView.swift in Sources */ = {isa = PBXBuildFile; fileRef = 5B1554FC2C71A59B00D0B3C3 /* FoodListView.swift */; };
		5B1554FF2C71A5E300D0B3C3 /* FoodCardViewComponent.swift in Sources */ = {isa = PBXBuildFile; fileRef = 5B1554FE2C71A5E300D0B3C3 /* FoodCardViewComponent.swift */; };
		5B1555012C724A0A00D0B3C3 /* FoodInputSheetComponentView.swift in Sources */ = {isa = PBXBuildFile; fileRef = 5B1555002C724A0A00D0B3C3 /* FoodInputSheetComponentView.swift */; };
		5B3CF6E52C748E29007622BC /* NutrientRingComponentView.swift in Sources */ = {isa = PBXBuildFile; fileRef = 5B3CF6E42C748E29007622BC /* NutrientRingComponentView.swift */; };
		5B3CF6E72C7499F9007622BC /* NutrientIntakeProgressComponentView.swift in Sources */ = {isa = PBXBuildFile; fileRef = 5B3CF6E62C7499F9007622BC /* NutrientIntakeProgressComponentView.swift */; };
		5B3CF6E92C74C1BD007622BC /* FoodLogSheetComponentView.swift in Sources */ = {isa = PBXBuildFile; fileRef = 5B3CF6E82C74C1BD007622BC /* FoodLogSheetComponentView.swift */; };
		5B3CF6EB2C75C125007622BC /* FoodLogListCardComponentView.swift in Sources */ = {isa = PBXBuildFile; fileRef = 5B3CF6EA2C75C125007622BC /* FoodLogListCardComponentView.swift */; };
		5B3CF6ED2C75CD20007622BC /* FoodLogViewModel.swift in Sources */ = {isa = PBXBuildFile; fileRef = 5B3CF6EC2C75CD20007622BC /* FoodLogViewModel.swift */; };
		5B3CF6EF2C7639D2007622BC /* NutrientTargetViewModel.swift in Sources */ = {isa = PBXBuildFile; fileRef = 5B3CF6EE2C7639D2007622BC /* NutrientTargetViewModel.swift */; };
		5B3CF6F12C764C0A007622BC /* FoodEatenCardComponentView.swift in Sources */ = {isa = PBXBuildFile; fileRef = 5B3CF6F02C764C0A007622BC /* FoodEatenCardComponentView.swift */; };
		764227A02C763FDB00A3BC0F /* CaloriesNutrientView.swift in Sources */ = {isa = PBXBuildFile; fileRef = 7642279F2C763FDB00A3BC0F /* CaloriesNutrientView.swift */; };
		764227A22C7640BD00A3BC0F /* WeightView.swift in Sources */ = {isa = PBXBuildFile; fileRef = 764227A12C7640BD00A3BC0F /* WeightView.swift */; };
		764227A42C7648F800A3BC0F /* ProfileScreenView.swift in Sources */ = {isa = PBXBuildFile; fileRef = 764227A32C7648F800A3BC0F /* ProfileScreenView.swift */; };
		766986E72C6B6B5B000838A3 /* MC3App.swift in Sources */ = {isa = PBXBuildFile; fileRef = 766986E62C6B6B5B000838A3 /* MC3App.swift */; };
		766986E92C6B6B5B000838A3 /* ContentView.swift in Sources */ = {isa = PBXBuildFile; fileRef = 766986E82C6B6B5B000838A3 /* ContentView.swift */; };
		766986EB2C6B6B5B000838A3 /* Item.swift in Sources */ = {isa = PBXBuildFile; fileRef = 766986EA2C6B6B5B000838A3 /* Item.swift */; };
		766986ED2C6B6B5C000838A3 /* Assets.xcassets in Resources */ = {isa = PBXBuildFile; fileRef = 766986EC2C6B6B5C000838A3 /* Assets.xcassets */; };
		766986F02C6B6B5C000838A3 /* Preview Assets.xcassets in Resources */ = {isa = PBXBuildFile; fileRef = 766986EF2C6B6B5C000838A3 /* Preview Assets.xcassets */; };
		766986FC2C6B6BA8000838A3 /* GoalsScreenView.swift in Sources */ = {isa = PBXBuildFile; fileRef = 766986FB2C6B6BA8000838A3 /* GoalsScreenView.swift */; };
		766986FE2C6B6EE7000838A3 /* InitialScreenView.swift in Sources */ = {isa = PBXBuildFile; fileRef = 766986FD2C6B6EE7000838A3 /* InitialScreenView.swift */; };
		766987102C6B725A000838A3 /* ModelSample.swift in Sources */ = {isa = PBXBuildFile; fileRef = 7669870F2C6B725A000838A3 /* ModelSample.swift */; };
		766987122C6B727E000838A3 /* ViewSample.swift in Sources */ = {isa = PBXBuildFile; fileRef = 766987112C6B727E000838A3 /* ViewSample.swift */; };
		766987142C6B728A000838A3 /* ViewModelSample.swift in Sources */ = {isa = PBXBuildFile; fileRef = 766987132C6B728A000838A3 /* ViewModelSample.swift */; };
		768367A82C73611C00FBDC95 /* HeightInputView.swift in Sources */ = {isa = PBXBuildFile; fileRef = 768367A72C73611C00FBDC95 /* HeightInputView.swift */; };
		768367AA2C73613000FBDC95 /* WeightInputView.swift in Sources */ = {isa = PBXBuildFile; fileRef = 768367A92C73613000FBDC95 /* WeightInputView.swift */; };
		768367C52C74849900FBDC95 /* DateInputView.swift in Sources */ = {isa = PBXBuildFile; fileRef = 768367C42C74849900FBDC95 /* DateInputView.swift */; };
		768368002C748CFF00FBDC95 /* Lato-Black.ttf in Resources */ = {isa = PBXBuildFile; fileRef = 768367F42C748CFF00FBDC95 /* Lato-Black.ttf */; };
		768368012C748CFF00FBDC95 /* Lato-BlackItalic.ttf in Resources */ = {isa = PBXBuildFile; fileRef = 768367F52C748CFF00FBDC95 /* Lato-BlackItalic.ttf */; };
		768368022C748CFF00FBDC95 /* Lato-Bold.ttf in Resources */ = {isa = PBXBuildFile; fileRef = 768367F62C748CFF00FBDC95 /* Lato-Bold.ttf */; };
		768368032C748CFF00FBDC95 /* Lato-BoldItalic.ttf in Resources */ = {isa = PBXBuildFile; fileRef = 768367F72C748CFF00FBDC95 /* Lato-BoldItalic.ttf */; };
		768368042C748CFF00FBDC95 /* Lato-Italic.ttf in Resources */ = {isa = PBXBuildFile; fileRef = 768367F82C748CFF00FBDC95 /* Lato-Italic.ttf */; };
		768368052C748CFF00FBDC95 /* Lato-Light.ttf in Resources */ = {isa = PBXBuildFile; fileRef = 768367F92C748CFF00FBDC95 /* Lato-Light.ttf */; };
		768368062C748CFF00FBDC95 /* Lato-LightItalic.ttf in Resources */ = {isa = PBXBuildFile; fileRef = 768367FA2C748CFF00FBDC95 /* Lato-LightItalic.ttf */; };
		768368072C748CFF00FBDC95 /* Lato-Regular.ttf in Resources */ = {isa = PBXBuildFile; fileRef = 768367FB2C748CFF00FBDC95 /* Lato-Regular.ttf */; };
		768368082C748CFF00FBDC95 /* Lato-Thin.ttf in Resources */ = {isa = PBXBuildFile; fileRef = 768367FC2C748CFF00FBDC95 /* Lato-Thin.ttf */; };
		768368092C748CFF00FBDC95 /* Lato-ThinItalic.ttf in Resources */ = {isa = PBXBuildFile; fileRef = 768367FD2C748CFF00FBDC95 /* Lato-ThinItalic.ttf */; };
		7683680A2C748CFF00FBDC95 /* OFL.txt in Resources */ = {isa = PBXBuildFile; fileRef = 768367FE2C748CFF00FBDC95 /* OFL.txt */; };
		7683680E2C75CD0700FBDC95 /* FoodInfoScreenView.swift in Sources */ = {isa = PBXBuildFile; fileRef = 7683680D2C75CD0700FBDC95 /* FoodInfoScreenView.swift */; };
		768368102C75D1FA00FBDC95 /* NutrientInfoComponentView.swift in Sources */ = {isa = PBXBuildFile; fileRef = 7683680F2C75D1FA00FBDC95 /* NutrientInfoComponentView.swift */; };
		768368132C75DF9700FBDC95 /* InputValidator.swift in Sources */ = {isa = PBXBuildFile; fileRef = 768368122C75DF9700FBDC95 /* InputValidator.swift */; };
		FF3357522C73417600C3D829 /* WeightScreenView.swift in Sources */ = {isa = PBXBuildFile; fileRef = FF3357512C73417600C3D829 /* WeightScreenView.swift */; };
		FF51EE722C6DED6D00025469 /* db_model_v1.xcdatamodeld in Sources */ = {isa = PBXBuildFile; fileRef = FFACC9082C6CA4C300FC3A82 /* db_model_v1.xcdatamodeld */; };
		FFACC8BB2C6C966300FC3A82 /* Models.swift in Sources */ = {isa = PBXBuildFile; fileRef = FFACC8BA2C6C966300FC3A82 /* Models.swift */; };
		FFACC8F92C6C9AA500FC3A82 /* CoreDataStack.swift in Sources */ = {isa = PBXBuildFile; fileRef = FFACC8F82C6C9AA500FC3A82 /* CoreDataStack.swift */; };
		FFACC8FB2C6C9AC500FC3A82 /* CoreDataHelpers.swift in Sources */ = {isa = PBXBuildFile; fileRef = FFACC8FA2C6C9AC500FC3A82 /* CoreDataHelpers.swift */; };
		FFACC8FE2C6C9AFC00FC3A82 /* LazyList.swift in Sources */ = {isa = PBXBuildFile; fileRef = FFACC8FD2C6C9AFC00FC3A82 /* LazyList.swift */; };
		FFACC9002C6C9DB600FC3A82 /* JSONLoader.swift in Sources */ = {isa = PBXBuildFile; fileRef = FFACC8FF2C6C9DB600FC3A82 /* JSONLoader.swift */; };
		FFACC9022C6C9EE400FC3A82 /* Foods.json in Resources */ = {isa = PBXBuildFile; fileRef = FFACC9012C6C9EE400FC3A82 /* Foods.json */; };
		FFACC9052C6C9F3800FC3A82 /* FoodTags.json in Resources */ = {isa = PBXBuildFile; fileRef = FFACC9042C6C9F3800FC3A82 /* FoodTags.json */; };
		FFACC9112C6CB6E600FC3A82 /* FoodIntake+CoreDataClass.swift in Sources */ = {isa = PBXBuildFile; fileRef = FFACC90B2C6CB6E600FC3A82 /* FoodIntake+CoreDataClass.swift */; };
		FFACC9122C6CB6E600FC3A82 /* FoodIntake+CoreDataProperties.swift in Sources */ = {isa = PBXBuildFile; fileRef = FFACC90C2C6CB6E600FC3A82 /* FoodIntake+CoreDataProperties.swift */; };
		FFACC9132C6CB6E600FC3A82 /* User+CoreDataClass.swift in Sources */ = {isa = PBXBuildFile; fileRef = FFACC90D2C6CB6E600FC3A82 /* User+CoreDataClass.swift */; };
		FFACC9142C6CB6E600FC3A82 /* User+CoreDataProperties.swift in Sources */ = {isa = PBXBuildFile; fileRef = FFACC90E2C6CB6E600FC3A82 /* User+CoreDataProperties.swift */; };
		FFACC9152C6CB6E600FC3A82 /* WeightLog+CoreDataClass.swift in Sources */ = {isa = PBXBuildFile; fileRef = FFACC90F2C6CB6E600FC3A82 /* WeightLog+CoreDataClass.swift */; };
		FFACC9162C6CB6E600FC3A82 /* WeightLog+CoreDataProperties.swift in Sources */ = {isa = PBXBuildFile; fileRef = FFACC9102C6CB6E600FC3A82 /* WeightLog+CoreDataProperties.swift */; };
		FFACC91E2C6CBB8500FC3A82 /* PersistenceController.swift in Sources */ = {isa = PBXBuildFile; fileRef = FFACC91D2C6CBB8500FC3A82 /* PersistenceController.swift */; };
		FFACC9202C6CC00000FC3A82 /* ExampleOnboardingView.swift in Sources */ = {isa = PBXBuildFile; fileRef = FFACC91F2C6CC00000FC3A82 /* ExampleOnboardingView.swift */; };
		FFACC9222C6CD2C700FC3A82 /* ExperimentFoodListView.swift in Sources */ = {isa = PBXBuildFile; fileRef = FFACC9212C6CD2C700FC3A82 /* ExperimentFoodListView.swift */; };
		FFD508642C772B64003850E9 /* AddWeightButton.swift in Sources */ = {isa = PBXBuildFile; fileRef = FFD508632C772B64003850E9 /* AddWeightButton.swift */; };
		FFD508662C772BB3003850E9 /* WeightHistoryCard.swift in Sources */ = {isa = PBXBuildFile; fileRef = FFD508652C772BB3003850E9 /* WeightHistoryCard.swift */; };
		FFD508682C772C1F003850E9 /* WeightGraph.swift in Sources */ = {isa = PBXBuildFile; fileRef = FFD508672C772C1F003850E9 /* WeightGraph.swift */; };
		FFD5086A2C772C62003850E9 /* WeightGaugeCard.swift in Sources */ = {isa = PBXBuildFile; fileRef = FFD508692C772C62003850E9 /* WeightGaugeCard.swift */; };
		FFD5086C2C772CB4003850E9 /* WeightGauge.swift in Sources */ = {isa = PBXBuildFile; fileRef = FFD5086B2C772CB4003850E9 /* WeightGauge.swift */; };
		FFD5086E2C772CE2003850E9 /* WeightInfoCard.swift in Sources */ = {isa = PBXBuildFile; fileRef = FFD5086D2C772CE2003850E9 /* WeightInfoCard.swift */; };
		FFD508702C772D14003850E9 /* RoundedCorner.swift in Sources */ = {isa = PBXBuildFile; fileRef = FFD5086F2C772D14003850E9 /* RoundedCorner.swift */; };
		FFD508722C77414F003850E9 /* WeightGainCalculator.swift in Sources */ = {isa = PBXBuildFile; fileRef = FFD508712C77414F003850E9 /* WeightGainCalculator.swift */; };
		FFE788EC2C75EF64007868F2 /* WeightWheelPicker.swift in Sources */ = {isa = PBXBuildFile; fileRef = FFE788EB2C75EF64007868F2 /* WeightWheelPicker.swift */; };
		FFE788EE2C75F362007868F2 /* WeightUpdateSheet.swift in Sources */ = {isa = PBXBuildFile; fileRef = FFE788ED2C75F362007868F2 /* WeightUpdateSheet.swift */; };
/* End PBXBuildFile section */

/* Begin PBXFileReference section */
		5B1554EF2C6C945A00D0B3C3 /* CaloriesTargetView.swift */ = {isa = PBXFileReference; lastKnownFileType = sourcecode.swift; path = CaloriesTargetView.swift; sourceTree = "<group>"; };
		5B1554F82C6E023D00D0B3C3 /* NutrientDetailView.swift */ = {isa = PBXFileReference; lastKnownFileType = sourcecode.swift; path = NutrientDetailView.swift; sourceTree = "<group>"; };
		5B1554FA2C6E033C00D0B3C3 /* DailyandWeeklyNutrientComponentView.swift */ = {isa = PBXFileReference; lastKnownFileType = sourcecode.swift; path = DailyandWeeklyNutrientComponentView.swift; sourceTree = "<group>"; };
		5B1554FC2C71A59B00D0B3C3 /* FoodListView.swift */ = {isa = PBXFileReference; lastKnownFileType = sourcecode.swift; path = FoodListView.swift; sourceTree = "<group>"; };
		5B1554FE2C71A5E300D0B3C3 /* FoodCardViewComponent.swift */ = {isa = PBXFileReference; lastKnownFileType = sourcecode.swift; path = FoodCardViewComponent.swift; sourceTree = "<group>"; };
		5B1555002C724A0A00D0B3C3 /* FoodInputSheetComponentView.swift */ = {isa = PBXFileReference; lastKnownFileType = sourcecode.swift; path = FoodInputSheetComponentView.swift; sourceTree = "<group>"; };
		5B3CF6E42C748E29007622BC /* NutrientRingComponentView.swift */ = {isa = PBXFileReference; lastKnownFileType = sourcecode.swift; path = NutrientRingComponentView.swift; sourceTree = "<group>"; };
		5B3CF6E62C7499F9007622BC /* NutrientIntakeProgressComponentView.swift */ = {isa = PBXFileReference; lastKnownFileType = sourcecode.swift; path = NutrientIntakeProgressComponentView.swift; sourceTree = "<group>"; };
		5B3CF6E82C74C1BD007622BC /* FoodLogSheetComponentView.swift */ = {isa = PBXFileReference; lastKnownFileType = sourcecode.swift; path = FoodLogSheetComponentView.swift; sourceTree = "<group>"; };
		5B3CF6EA2C75C125007622BC /* FoodLogListCardComponentView.swift */ = {isa = PBXFileReference; lastKnownFileType = sourcecode.swift; path = FoodLogListCardComponentView.swift; sourceTree = "<group>"; };
		5B3CF6EC2C75CD20007622BC /* FoodLogViewModel.swift */ = {isa = PBXFileReference; lastKnownFileType = sourcecode.swift; path = FoodLogViewModel.swift; sourceTree = "<group>"; };
		5B3CF6EE2C7639D2007622BC /* NutrientTargetViewModel.swift */ = {isa = PBXFileReference; lastKnownFileType = sourcecode.swift; path = NutrientTargetViewModel.swift; sourceTree = "<group>"; };
		5B3CF6F02C764C0A007622BC /* FoodEatenCardComponentView.swift */ = {isa = PBXFileReference; lastKnownFileType = sourcecode.swift; path = FoodEatenCardComponentView.swift; sourceTree = "<group>"; };
		7642279F2C763FDB00A3BC0F /* CaloriesNutrientView.swift */ = {isa = PBXFileReference; lastKnownFileType = sourcecode.swift; path = CaloriesNutrientView.swift; sourceTree = "<group>"; };
		764227A12C7640BD00A3BC0F /* WeightView.swift */ = {isa = PBXFileReference; lastKnownFileType = sourcecode.swift; path = WeightView.swift; sourceTree = "<group>"; };
		764227A32C7648F800A3BC0F /* ProfileScreenView.swift */ = {isa = PBXFileReference; lastKnownFileType = sourcecode.swift; path = ProfileScreenView.swift; sourceTree = "<group>"; };
		766986E32C6B6B5B000838A3 /* MC3.app */ = {isa = PBXFileReference; explicitFileType = wrapper.application; includeInIndex = 0; path = MC3.app; sourceTree = BUILT_PRODUCTS_DIR; };
		766986E62C6B6B5B000838A3 /* MC3App.swift */ = {isa = PBXFileReference; lastKnownFileType = sourcecode.swift; path = MC3App.swift; sourceTree = "<group>"; };
		766986E82C6B6B5B000838A3 /* ContentView.swift */ = {isa = PBXFileReference; lastKnownFileType = sourcecode.swift; path = ContentView.swift; sourceTree = "<group>"; };
		766986EA2C6B6B5B000838A3 /* Item.swift */ = {isa = PBXFileReference; lastKnownFileType = sourcecode.swift; path = Item.swift; sourceTree = "<group>"; };
		766986EC2C6B6B5C000838A3 /* Assets.xcassets */ = {isa = PBXFileReference; lastKnownFileType = folder.assetcatalog; path = Assets.xcassets; sourceTree = "<group>"; };
		766986EF2C6B6B5C000838A3 /* Preview Assets.xcassets */ = {isa = PBXFileReference; lastKnownFileType = folder.assetcatalog; path = "Preview Assets.xcassets"; sourceTree = "<group>"; };
		766986FB2C6B6BA8000838A3 /* GoalsScreenView.swift */ = {isa = PBXFileReference; lastKnownFileType = sourcecode.swift; path = GoalsScreenView.swift; sourceTree = "<group>"; };
		766986FD2C6B6EE7000838A3 /* InitialScreenView.swift */ = {isa = PBXFileReference; lastKnownFileType = sourcecode.swift; path = InitialScreenView.swift; sourceTree = "<group>"; };
		7669870F2C6B725A000838A3 /* ModelSample.swift */ = {isa = PBXFileReference; lastKnownFileType = sourcecode.swift; path = ModelSample.swift; sourceTree = "<group>"; };
		766987112C6B727E000838A3 /* ViewSample.swift */ = {isa = PBXFileReference; lastKnownFileType = sourcecode.swift; path = ViewSample.swift; sourceTree = "<group>"; };
		766987132C6B728A000838A3 /* ViewModelSample.swift */ = {isa = PBXFileReference; lastKnownFileType = sourcecode.swift; path = ViewModelSample.swift; sourceTree = "<group>"; };
		768367A72C73611C00FBDC95 /* HeightInputView.swift */ = {isa = PBXFileReference; lastKnownFileType = sourcecode.swift; path = HeightInputView.swift; sourceTree = "<group>"; };
		768367A92C73613000FBDC95 /* WeightInputView.swift */ = {isa = PBXFileReference; lastKnownFileType = sourcecode.swift; path = WeightInputView.swift; sourceTree = "<group>"; };
		768367C32C7362AD00FBDC95 /* Info.plist */ = {isa = PBXFileReference; lastKnownFileType = text.plist; path = Info.plist; sourceTree = "<group>"; };
		768367C42C74849900FBDC95 /* DateInputView.swift */ = {isa = PBXFileReference; lastKnownFileType = sourcecode.swift; path = DateInputView.swift; sourceTree = "<group>"; };
		768367F42C748CFF00FBDC95 /* Lato-Black.ttf */ = {isa = PBXFileReference; lastKnownFileType = file; path = "Lato-Black.ttf"; sourceTree = "<group>"; };
		768367F52C748CFF00FBDC95 /* Lato-BlackItalic.ttf */ = {isa = PBXFileReference; lastKnownFileType = file; path = "Lato-BlackItalic.ttf"; sourceTree = "<group>"; };
		768367F62C748CFF00FBDC95 /* Lato-Bold.ttf */ = {isa = PBXFileReference; lastKnownFileType = file; path = "Lato-Bold.ttf"; sourceTree = "<group>"; };
		768367F72C748CFF00FBDC95 /* Lato-BoldItalic.ttf */ = {isa = PBXFileReference; lastKnownFileType = file; path = "Lato-BoldItalic.ttf"; sourceTree = "<group>"; };
		768367F82C748CFF00FBDC95 /* Lato-Italic.ttf */ = {isa = PBXFileReference; lastKnownFileType = file; path = "Lato-Italic.ttf"; sourceTree = "<group>"; };
		768367F92C748CFF00FBDC95 /* Lato-Light.ttf */ = {isa = PBXFileReference; lastKnownFileType = file; path = "Lato-Light.ttf"; sourceTree = "<group>"; };
		768367FA2C748CFF00FBDC95 /* Lato-LightItalic.ttf */ = {isa = PBXFileReference; lastKnownFileType = file; path = "Lato-LightItalic.ttf"; sourceTree = "<group>"; };
		768367FB2C748CFF00FBDC95 /* Lato-Regular.ttf */ = {isa = PBXFileReference; lastKnownFileType = file; path = "Lato-Regular.ttf"; sourceTree = "<group>"; };
		768367FC2C748CFF00FBDC95 /* Lato-Thin.ttf */ = {isa = PBXFileReference; lastKnownFileType = file; path = "Lato-Thin.ttf"; sourceTree = "<group>"; };
		768367FD2C748CFF00FBDC95 /* Lato-ThinItalic.ttf */ = {isa = PBXFileReference; lastKnownFileType = file; path = "Lato-ThinItalic.ttf"; sourceTree = "<group>"; };
		768367FE2C748CFF00FBDC95 /* OFL.txt */ = {isa = PBXFileReference; fileEncoding = 4; lastKnownFileType = text; path = OFL.txt; sourceTree = "<group>"; };
		7683680D2C75CD0700FBDC95 /* FoodInfoScreenView.swift */ = {isa = PBXFileReference; lastKnownFileType = sourcecode.swift; path = FoodInfoScreenView.swift; sourceTree = "<group>"; };
		7683680F2C75D1FA00FBDC95 /* NutrientInfoComponentView.swift */ = {isa = PBXFileReference; lastKnownFileType = sourcecode.swift; path = NutrientInfoComponentView.swift; sourceTree = "<group>"; };
		768368122C75DF9700FBDC95 /* InputValidator.swift */ = {isa = PBXFileReference; lastKnownFileType = sourcecode.swift; path = InputValidator.swift; sourceTree = "<group>"; };
		FF3357512C73417600C3D829 /* WeightScreenView.swift */ = {isa = PBXFileReference; lastKnownFileType = sourcecode.swift; path = WeightScreenView.swift; sourceTree = "<group>"; };
		FFACC8BA2C6C966300FC3A82 /* Models.swift */ = {isa = PBXFileReference; lastKnownFileType = sourcecode.swift; path = Models.swift; sourceTree = "<group>"; };
		FFACC8F82C6C9AA500FC3A82 /* CoreDataStack.swift */ = {isa = PBXFileReference; lastKnownFileType = sourcecode.swift; path = CoreDataStack.swift; sourceTree = "<group>"; };
		FFACC8FA2C6C9AC500FC3A82 /* CoreDataHelpers.swift */ = {isa = PBXFileReference; lastKnownFileType = sourcecode.swift; path = CoreDataHelpers.swift; sourceTree = "<group>"; };
		FFACC8FD2C6C9AFC00FC3A82 /* LazyList.swift */ = {isa = PBXFileReference; lastKnownFileType = sourcecode.swift; path = LazyList.swift; sourceTree = "<group>"; };
		FFACC8FF2C6C9DB600FC3A82 /* JSONLoader.swift */ = {isa = PBXFileReference; lastKnownFileType = sourcecode.swift; path = JSONLoader.swift; sourceTree = "<group>"; };
		FFACC9012C6C9EE400FC3A82 /* Foods.json */ = {isa = PBXFileReference; fileEncoding = 4; lastKnownFileType = text.json; path = Foods.json; sourceTree = "<group>"; };
		FFACC9042C6C9F3800FC3A82 /* FoodTags.json */ = {isa = PBXFileReference; fileEncoding = 4; lastKnownFileType = text.json; path = FoodTags.json; sourceTree = "<group>"; };
		FFACC9092C6CA4C300FC3A82 /* db_model_v1.xcdatamodel */ = {isa = PBXFileReference; lastKnownFileType = wrapper.xcdatamodel; path = db_model_v1.xcdatamodel; sourceTree = "<group>"; };
		FFACC90B2C6CB6E600FC3A82 /* FoodIntake+CoreDataClass.swift */ = {isa = PBXFileReference; lastKnownFileType = sourcecode.swift; path = "FoodIntake+CoreDataClass.swift"; sourceTree = "<group>"; };
		FFACC90C2C6CB6E600FC3A82 /* FoodIntake+CoreDataProperties.swift */ = {isa = PBXFileReference; lastKnownFileType = sourcecode.swift; path = "FoodIntake+CoreDataProperties.swift"; sourceTree = "<group>"; };
		FFACC90D2C6CB6E600FC3A82 /* User+CoreDataClass.swift */ = {isa = PBXFileReference; lastKnownFileType = sourcecode.swift; path = "User+CoreDataClass.swift"; sourceTree = "<group>"; };
		FFACC90E2C6CB6E600FC3A82 /* User+CoreDataProperties.swift */ = {isa = PBXFileReference; lastKnownFileType = sourcecode.swift; path = "User+CoreDataProperties.swift"; sourceTree = "<group>"; };
		FFACC90F2C6CB6E600FC3A82 /* WeightLog+CoreDataClass.swift */ = {isa = PBXFileReference; lastKnownFileType = sourcecode.swift; path = "WeightLog+CoreDataClass.swift"; sourceTree = "<group>"; };
		FFACC9102C6CB6E600FC3A82 /* WeightLog+CoreDataProperties.swift */ = {isa = PBXFileReference; lastKnownFileType = sourcecode.swift; path = "WeightLog+CoreDataProperties.swift"; sourceTree = "<group>"; };
		FFACC91D2C6CBB8500FC3A82 /* PersistenceController.swift */ = {isa = PBXFileReference; lastKnownFileType = sourcecode.swift; path = PersistenceController.swift; sourceTree = "<group>"; };
		FFACC91F2C6CC00000FC3A82 /* ExampleOnboardingView.swift */ = {isa = PBXFileReference; lastKnownFileType = sourcecode.swift; path = ExampleOnboardingView.swift; sourceTree = "<group>"; };
		FFACC9212C6CD2C700FC3A82 /* ExperimentFoodListView.swift */ = {isa = PBXFileReference; lastKnownFileType = sourcecode.swift; path = ExperimentFoodListView.swift; sourceTree = "<group>"; };
		FFD508632C772B64003850E9 /* AddWeightButton.swift */ = {isa = PBXFileReference; lastKnownFileType = sourcecode.swift; path = AddWeightButton.swift; sourceTree = "<group>"; };
		FFD508652C772BB3003850E9 /* WeightHistoryCard.swift */ = {isa = PBXFileReference; lastKnownFileType = sourcecode.swift; path = WeightHistoryCard.swift; sourceTree = "<group>"; };
		FFD508672C772C1F003850E9 /* WeightGraph.swift */ = {isa = PBXFileReference; lastKnownFileType = sourcecode.swift; path = WeightGraph.swift; sourceTree = "<group>"; };
		FFD508692C772C62003850E9 /* WeightGaugeCard.swift */ = {isa = PBXFileReference; lastKnownFileType = sourcecode.swift; path = WeightGaugeCard.swift; sourceTree = "<group>"; };
		FFD5086B2C772CB4003850E9 /* WeightGauge.swift */ = {isa = PBXFileReference; lastKnownFileType = sourcecode.swift; path = WeightGauge.swift; sourceTree = "<group>"; };
		FFD5086D2C772CE2003850E9 /* WeightInfoCard.swift */ = {isa = PBXFileReference; lastKnownFileType = sourcecode.swift; path = WeightInfoCard.swift; sourceTree = "<group>"; };
		FFD5086F2C772D14003850E9 /* RoundedCorner.swift */ = {isa = PBXFileReference; lastKnownFileType = sourcecode.swift; path = RoundedCorner.swift; sourceTree = "<group>"; };
		FFD508712C77414F003850E9 /* WeightGainCalculator.swift */ = {isa = PBXFileReference; lastKnownFileType = sourcecode.swift; path = WeightGainCalculator.swift; sourceTree = "<group>"; };
		FFE788EB2C75EF64007868F2 /* WeightWheelPicker.swift */ = {isa = PBXFileReference; lastKnownFileType = sourcecode.swift; path = WeightWheelPicker.swift; sourceTree = "<group>"; };
		FFE788ED2C75F362007868F2 /* WeightUpdateSheet.swift */ = {isa = PBXFileReference; lastKnownFileType = sourcecode.swift; path = WeightUpdateSheet.swift; sourceTree = "<group>"; };
/* End PBXFileReference section */

/* Begin PBXFrameworksBuildPhase section */
		766986E02C6B6B5B000838A3 /* Frameworks */ = {
			isa = PBXFrameworksBuildPhase;
			buildActionMask = 2147483647;
			files = (
			);
			runOnlyForDeploymentPostprocessing = 0;
		};
/* End PBXFrameworksBuildPhase section */

/* Begin PBXGroup section */
		5B1554EE2C6C93FC00D0B3C3 /* Components */ = {
			isa = PBXGroup;
			children = (
				5B1554EF2C6C945A00D0B3C3 /* CaloriesTargetView.swift */,
				5B1554FA2C6E033C00D0B3C3 /* DailyandWeeklyNutrientComponentView.swift */,
				5B1554FE2C71A5E300D0B3C3 /* FoodCardViewComponent.swift */,
				5B1555002C724A0A00D0B3C3 /* FoodInputSheetComponentView.swift */,
				FFD508622C772B3F003850E9 /* Weight */,
				5B3CF6E42C748E29007622BC /* NutrientRingComponentView.swift */,
				5B3CF6E62C7499F9007622BC /* NutrientIntakeProgressComponentView.swift */,
				5B3CF6E82C74C1BD007622BC /* FoodLogSheetComponentView.swift */,
				5B3CF6EA2C75C125007622BC /* FoodLogListCardComponentView.swift */,
				7683680F2C75D1FA00FBDC95 /* NutrientInfoComponentView.swift */,
				5B3CF6F02C764C0A007622BC /* FoodEatenCardComponentView.swift */,
			);
			path = Components;
			sourceTree = "<group>";
		};
		766986DA2C6B6B5B000838A3 = {
			isa = PBXGroup;
			children = (
				766986E52C6B6B5B000838A3 /* MC3 */,
				766986E42C6B6B5B000838A3 /* Products */,
			);
			sourceTree = "<group>";
		};
		766986E42C6B6B5B000838A3 /* Products */ = {
			isa = PBXGroup;
			children = (
				766986E32C6B6B5B000838A3 /* MC3.app */,
			);
			name = Products;
			sourceTree = "<group>";
		};
		766986E52C6B6B5B000838A3 /* MC3 */ = {
			isa = PBXGroup;
			children = (
				768368112C75DF8800FBDC95 /* Validator */,
				768367C32C7362AD00FBDC95 /* Info.plist */,
				768367FF2C748CFF00FBDC95 /* Lato */,
				FFACC9032C6C9EF600FC3A82 /* Resources */,
				FFACC8FC2C6C9AF300FC3A82 /* Utilities */,
				FFACC8F72C6C9A8000FC3A82 /* Persistence */,
				7669870E2C6B721B000838A3 /* Models */,
				7669870C2C6B720A000838A3 /* Views */,
				7669870B2C6B7200000838A3 /* ViewModels */,
				766986F62C6B6B69000838A3 /* Screens */,
				766986E62C6B6B5B000838A3 /* MC3App.swift */,
				766986E82C6B6B5B000838A3 /* ContentView.swift */,
				FF51EE752C6DF9C900025469 /* Examples-Danzel */,
				766986EA2C6B6B5B000838A3 /* Item.swift */,
				766986EC2C6B6B5C000838A3 /* Assets.xcassets */,
				766986EE2C6B6B5C000838A3 /* Preview Content */,
			);
			path = MC3;
			sourceTree = "<group>";
		};
		766986EE2C6B6B5C000838A3 /* Preview Content */ = {
			isa = PBXGroup;
			children = (
				766986EF2C6B6B5C000838A3 /* Preview Assets.xcassets */,
			);
			path = "Preview Content";
			sourceTree = "<group>";
		};
		766986F62C6B6B69000838A3 /* Screens */ = {
			isa = PBXGroup;
			children = (
				766986FB2C6B6BA8000838A3 /* GoalsScreenView.swift */,
				766986FD2C6B6EE7000838A3 /* InitialScreenView.swift */,
				5B1554F82C6E023D00D0B3C3 /* NutrientDetailView.swift */,
				5B1554FC2C71A59B00D0B3C3 /* FoodListView.swift */,
				FF3357512C73417600C3D829 /* WeightScreenView.swift */,
				7683680D2C75CD0700FBDC95 /* FoodInfoScreenView.swift */,
				764227A32C7648F800A3BC0F /* ProfileScreenView.swift */,
			);
			path = Screens;
			sourceTree = "<group>";
		};
		7669870B2C6B7200000838A3 /* ViewModels */ = {
			isa = PBXGroup;
			children = (
				5B3CF6EE2C7639D2007622BC /* NutrientTargetViewModel.swift */,
				766987132C6B728A000838A3 /* ViewModelSample.swift */,
				5B3CF6EC2C75CD20007622BC /* FoodLogViewModel.swift */,
			);
			path = ViewModels;
			sourceTree = "<group>";
		};
		7669870C2C6B720A000838A3 /* Views */ = {
			isa = PBXGroup;
			children = (
				5B1554EE2C6C93FC00D0B3C3 /* Components */,
				766987112C6B727E000838A3 /* ViewSample.swift */,
				768367A72C73611C00FBDC95 /* HeightInputView.swift */,
				FFE788ED2C75F362007868F2 /* WeightUpdateSheet.swift */,
				768367A92C73613000FBDC95 /* WeightInputView.swift */,
				768367C42C74849900FBDC95 /* DateInputView.swift */,
				7642279F2C763FDB00A3BC0F /* CaloriesNutrientView.swift */,
				764227A12C7640BD00A3BC0F /* WeightView.swift */,
			);
			path = Views;
			sourceTree = "<group>";
		};
		7669870E2C6B721B000838A3 /* Models */ = {
			isa = PBXGroup;
			children = (
				FFACC9182C6CB71600FC3A82 /* Core Data */,
				7669870F2C6B725A000838A3 /* ModelSample.swift */,
				FFACC8BA2C6C966300FC3A82 /* Models.swift */,
			);
			path = Models;
			sourceTree = "<group>";
		};
		768367FF2C748CFF00FBDC95 /* Lato */ = {
			isa = PBXGroup;
			children = (
				768367F42C748CFF00FBDC95 /* Lato-Black.ttf */,
				768367F52C748CFF00FBDC95 /* Lato-BlackItalic.ttf */,
				768367F62C748CFF00FBDC95 /* Lato-Bold.ttf */,
				768367F72C748CFF00FBDC95 /* Lato-BoldItalic.ttf */,
				768367F82C748CFF00FBDC95 /* Lato-Italic.ttf */,
				768367F92C748CFF00FBDC95 /* Lato-Light.ttf */,
				768367FA2C748CFF00FBDC95 /* Lato-LightItalic.ttf */,
				768367FB2C748CFF00FBDC95 /* Lato-Regular.ttf */,
				768367FC2C748CFF00FBDC95 /* Lato-Thin.ttf */,
				768367FD2C748CFF00FBDC95 /* Lato-ThinItalic.ttf */,
				768367FE2C748CFF00FBDC95 /* OFL.txt */,
			);
			path = Lato;
			sourceTree = "<group>";
		};
		768368112C75DF8800FBDC95 /* Validator */ = {
			isa = PBXGroup;
			children = (
				768368122C75DF9700FBDC95 /* InputValidator.swift */,
			);
			path = Validator;
			sourceTree = "<group>";
		};
		FF51EE752C6DF9C900025469 /* Examples-Danzel */ = {
			isa = PBXGroup;
			children = (
				FFACC91F2C6CC00000FC3A82 /* ExampleOnboardingView.swift */,
				FFACC9212C6CD2C700FC3A82 /* ExperimentFoodListView.swift */,
			);
			path = "Examples-Danzel";
			sourceTree = "<group>";
		};
		FFACC8F72C6C9A8000FC3A82 /* Persistence */ = {
			isa = PBXGroup;
			children = (
				FFACC8F82C6C9AA500FC3A82 /* CoreDataStack.swift */,
				FFACC8FA2C6C9AC500FC3A82 /* CoreDataHelpers.swift */,
				FFACC91D2C6CBB8500FC3A82 /* PersistenceController.swift */,
				FFACC9082C6CA4C300FC3A82 /* db_model_v1.xcdatamodeld */,
			);
			path = Persistence;
			sourceTree = "<group>";
		};
		FFACC8FC2C6C9AF300FC3A82 /* Utilities */ = {
			isa = PBXGroup;
			children = (
				FFACC8FD2C6C9AFC00FC3A82 /* LazyList.swift */,
				FFD508712C77414F003850E9 /* WeightGainCalculator.swift */,
				FFD5086F2C772D14003850E9 /* RoundedCorner.swift */,
				FFACC8FF2C6C9DB600FC3A82 /* JSONLoader.swift */,
			);
			path = Utilities;
			sourceTree = "<group>";
		};
		FFACC9032C6C9EF600FC3A82 /* Resources */ = {
			isa = PBXGroup;
			children = (
				FFACC9012C6C9EE400FC3A82 /* Foods.json */,
				FFACC9042C6C9F3800FC3A82 /* FoodTags.json */,
			);
			path = Resources;
			sourceTree = "<group>";
		};
		FFACC9182C6CB71600FC3A82 /* Core Data */ = {
			isa = PBXGroup;
			children = (
				FFACC90C2C6CB6E600FC3A82 /* FoodIntake+CoreDataProperties.swift */,
				FFACC90D2C6CB6E600FC3A82 /* User+CoreDataClass.swift */,
				FFACC90E2C6CB6E600FC3A82 /* User+CoreDataProperties.swift */,
				FFACC90F2C6CB6E600FC3A82 /* WeightLog+CoreDataClass.swift */,
				FFACC90B2C6CB6E600FC3A82 /* FoodIntake+CoreDataClass.swift */,
				FFACC9102C6CB6E600FC3A82 /* WeightLog+CoreDataProperties.swift */,
			);
			path = "Core Data";
			sourceTree = "<group>";
		};
		FFD508622C772B3F003850E9 /* Weight */ = {
			isa = PBXGroup;
			children = (
				FFE788EB2C75EF64007868F2 /* WeightWheelPicker.swift */,
				FFD508652C772BB3003850E9 /* WeightHistoryCard.swift */,
				FFD508632C772B64003850E9 /* AddWeightButton.swift */,
				FFD508672C772C1F003850E9 /* WeightGraph.swift */,
				FFD5086B2C772CB4003850E9 /* WeightGauge.swift */,
				FFD5086D2C772CE2003850E9 /* WeightInfoCard.swift */,
				FFD508692C772C62003850E9 /* WeightGaugeCard.swift */,
			);
			path = Weight;
			sourceTree = "<group>";
		};
/* End PBXGroup section */

/* Begin PBXNativeTarget section */
		766986E22C6B6B5B000838A3 /* MC3 */ = {
			isa = PBXNativeTarget;
			buildConfigurationList = 766986F32C6B6B5C000838A3 /* Build configuration list for PBXNativeTarget "MC3" */;
			buildPhases = (
				766986DF2C6B6B5B000838A3 /* Sources */,
				766986E02C6B6B5B000838A3 /* Frameworks */,
				766986E12C6B6B5B000838A3 /* Resources */,
			);
			buildRules = (
			);
			dependencies = (
			);
			name = MC3;
			productName = MC3;
			productReference = 766986E32C6B6B5B000838A3 /* MC3.app */;
			productType = "com.apple.product-type.application";
		};
/* End PBXNativeTarget section */

/* Begin PBXProject section */
		766986DB2C6B6B5B000838A3 /* Project object */ = {
			isa = PBXProject;
			attributes = {
				BuildIndependentTargetsInParallel = 1;
				LastSwiftUpdateCheck = 1540;
				LastUpgradeCheck = 1540;
				TargetAttributes = {
					766986E22C6B6B5B000838A3 = {
						CreatedOnToolsVersion = 15.4;
					};
				};
			};
			buildConfigurationList = 766986DE2C6B6B5B000838A3 /* Build configuration list for PBXProject "MC3" */;
			compatibilityVersion = "Xcode 14.0";
			developmentRegion = en;
			hasScannedForEncodings = 0;
			knownRegions = (
				en,
				Base,
			);
			mainGroup = 766986DA2C6B6B5B000838A3;
			productRefGroup = 766986E42C6B6B5B000838A3 /* Products */;
			projectDirPath = "";
			projectRoot = "";
			targets = (
				766986E22C6B6B5B000838A3 /* MC3 */,
			);
		};
/* End PBXProject section */

/* Begin PBXResourcesBuildPhase section */
		766986E12C6B6B5B000838A3 /* Resources */ = {
			isa = PBXResourcesBuildPhase;
			buildActionMask = 2147483647;
			files = (
				7683680A2C748CFF00FBDC95 /* OFL.txt in Resources */,
				768368062C748CFF00FBDC95 /* Lato-LightItalic.ttf in Resources */,
				768368092C748CFF00FBDC95 /* Lato-ThinItalic.ttf in Resources */,
				768368022C748CFF00FBDC95 /* Lato-Bold.ttf in Resources */,
				FFACC9052C6C9F3800FC3A82 /* FoodTags.json in Resources */,
				FFACC9022C6C9EE400FC3A82 /* Foods.json in Resources */,
				768368032C748CFF00FBDC95 /* Lato-BoldItalic.ttf in Resources */,
				768368012C748CFF00FBDC95 /* Lato-BlackItalic.ttf in Resources */,
				768368052C748CFF00FBDC95 /* Lato-Light.ttf in Resources */,
				768368072C748CFF00FBDC95 /* Lato-Regular.ttf in Resources */,
				766986F02C6B6B5C000838A3 /* Preview Assets.xcassets in Resources */,
				768368002C748CFF00FBDC95 /* Lato-Black.ttf in Resources */,
				768368042C748CFF00FBDC95 /* Lato-Italic.ttf in Resources */,
				766986ED2C6B6B5C000838A3 /* Assets.xcassets in Resources */,
				768368082C748CFF00FBDC95 /* Lato-Thin.ttf in Resources */,
			);
			runOnlyForDeploymentPostprocessing = 0;
		};
/* End PBXResourcesBuildPhase section */

/* Begin PBXSourcesBuildPhase section */
		766986DF2C6B6B5B000838A3 /* Sources */ = {
			isa = PBXSourcesBuildPhase;
			buildActionMask = 2147483647;
			files = (
				764227A42C7648F800A3BC0F /* ProfileScreenView.swift in Sources */,
				5B1554FF2C71A5E300D0B3C3 /* FoodCardViewComponent.swift in Sources */,
				5B1554FD2C71A59B00D0B3C3 /* FoodListView.swift in Sources */,
				764227A22C7640BD00A3BC0F /* WeightView.swift in Sources */,
				766986E92C6B6B5B000838A3 /* ContentView.swift in Sources */,
				766987102C6B725A000838A3 /* ModelSample.swift in Sources */,
				766986FE2C6B6EE7000838A3 /* InitialScreenView.swift in Sources */,
				764227A02C763FDB00A3BC0F /* CaloriesNutrientView.swift in Sources */,
				5B1555012C724A0A00D0B3C3 /* FoodInputSheetComponentView.swift in Sources */,
				768367AA2C73613000FBDC95 /* WeightInputView.swift in Sources */,
				FFACC9002C6C9DB600FC3A82 /* JSONLoader.swift in Sources */,
				7683680E2C75CD0700FBDC95 /* FoodInfoScreenView.swift in Sources */,
				FF51EE722C6DED6D00025469 /* db_model_v1.xcdatamodeld in Sources */,
				FFD508662C772BB3003850E9 /* WeightHistoryCard.swift in Sources */,
				FFACC8FB2C6C9AC500FC3A82 /* CoreDataHelpers.swift in Sources */,
				766986FC2C6B6BA8000838A3 /* GoalsScreenView.swift in Sources */,
				5B3CF6F12C764C0A007622BC /* FoodEatenCardComponentView.swift in Sources */,
				FFD5086E2C772CE2003850E9 /* WeightInfoCard.swift in Sources */,
				5B1554F92C6E023D00D0B3C3 /* NutrientDetailView.swift in Sources */,
				FFE788EE2C75F362007868F2 /* WeightUpdateSheet.swift in Sources */,
				FFE788EC2C75EF64007868F2 /* WeightWheelPicker.swift in Sources */,
				766986EB2C6B6B5B000838A3 /* Item.swift in Sources */,
				FFACC8F92C6C9AA500FC3A82 /* CoreDataStack.swift in Sources */,
				766986E72C6B6B5B000838A3 /* MC3App.swift in Sources */,
				5B1554FB2C6E033C00D0B3C3 /* DailyandWeeklyNutrientComponentView.swift in Sources */,
				5B3CF6E52C748E29007622BC /* NutrientRingComponentView.swift in Sources */,
				FFACC8BB2C6C966300FC3A82 /* Models.swift in Sources */,
				FFACC9222C6CD2C700FC3A82 /* ExperimentFoodListView.swift in Sources */,
				FFACC8FE2C6C9AFC00FC3A82 /* LazyList.swift in Sources */,
				5B3CF6ED2C75CD20007622BC /* FoodLogViewModel.swift in Sources */,
				766987142C6B728A000838A3 /* ViewModelSample.swift in Sources */,
				FFD508702C772D14003850E9 /* RoundedCorner.swift in Sources */,
				FF3357522C73417600C3D829 /* WeightScreenView.swift in Sources */,
				FFACC91E2C6CBB8500FC3A82 /* PersistenceController.swift in Sources */,
				FFACC9112C6CB6E600FC3A82 /* FoodIntake+CoreDataClass.swift in Sources */,
				FFACC9122C6CB6E600FC3A82 /* FoodIntake+CoreDataProperties.swift in Sources */,
				FFD5086C2C772CB4003850E9 /* WeightGauge.swift in Sources */,
				768367C52C74849900FBDC95 /* DateInputView.swift in Sources */,
				FFD508682C772C1F003850E9 /* WeightGraph.swift in Sources */,
				5B3CF6EB2C75C125007622BC /* FoodLogListCardComponentView.swift in Sources */,
				768368132C75DF9700FBDC95 /* InputValidator.swift in Sources */,
				FFACC9132C6CB6E600FC3A82 /* User+CoreDataClass.swift in Sources */,
				FFACC9142C6CB6E600FC3A82 /* User+CoreDataProperties.swift in Sources */,
				FFACC9152C6CB6E600FC3A82 /* WeightLog+CoreDataClass.swift in Sources */,
				FFACC9162C6CB6E600FC3A82 /* WeightLog+CoreDataProperties.swift in Sources */,
				FFACC9202C6CC00000FC3A82 /* ExampleOnboardingView.swift in Sources */,
				5B3CF6E92C74C1BD007622BC /* FoodLogSheetComponentView.swift in Sources */,
				766987122C6B727E000838A3 /* ViewSample.swift in Sources */,
				FFD508642C772B64003850E9 /* AddWeightButton.swift in Sources */,
				768367A82C73611C00FBDC95 /* HeightInputView.swift in Sources */,
				5B3CF6EF2C7639D2007622BC /* NutrientTargetViewModel.swift in Sources */,
				768368102C75D1FA00FBDC95 /* NutrientInfoComponentView.swift in Sources */,
				FFD5086A2C772C62003850E9 /* WeightGaugeCard.swift in Sources */,
				5B1554F02C6C945A00D0B3C3 /* CaloriesTargetView.swift in Sources */,
				FFD508722C77414F003850E9 /* WeightGainCalculator.swift in Sources */,
				5B3CF6E72C7499F9007622BC /* NutrientIntakeProgressComponentView.swift in Sources */,
			);
			runOnlyForDeploymentPostprocessing = 0;
		};
/* End PBXSourcesBuildPhase section */

/* Begin XCBuildConfiguration section */
		766986F12C6B6B5C000838A3 /* Debug */ = {
			isa = XCBuildConfiguration;
			buildSettings = {
				ALWAYS_SEARCH_USER_PATHS = NO;
				ASSETCATALOG_COMPILER_GENERATE_SWIFT_ASSET_SYMBOL_EXTENSIONS = YES;
				CLANG_ANALYZER_NONNULL = YES;
				CLANG_ANALYZER_NUMBER_OBJECT_CONVERSION = YES_AGGRESSIVE;
				CLANG_CXX_LANGUAGE_STANDARD = "gnu++20";
				CLANG_ENABLE_MODULES = YES;
				CLANG_ENABLE_OBJC_ARC = YES;
				CLANG_ENABLE_OBJC_WEAK = YES;
				CLANG_WARN_BLOCK_CAPTURE_AUTORELEASING = YES;
				CLANG_WARN_BOOL_CONVERSION = YES;
				CLANG_WARN_COMMA = YES;
				CLANG_WARN_CONSTANT_CONVERSION = YES;
				CLANG_WARN_DEPRECATED_OBJC_IMPLEMENTATIONS = YES;
				CLANG_WARN_DIRECT_OBJC_ISA_USAGE = YES_ERROR;
				CLANG_WARN_DOCUMENTATION_COMMENTS = YES;
				CLANG_WARN_EMPTY_BODY = YES;
				CLANG_WARN_ENUM_CONVERSION = YES;
				CLANG_WARN_INFINITE_RECURSION = YES;
				CLANG_WARN_INT_CONVERSION = YES;
				CLANG_WARN_NON_LITERAL_NULL_CONVERSION = YES;
				CLANG_WARN_OBJC_IMPLICIT_RETAIN_SELF = YES;
				CLANG_WARN_OBJC_LITERAL_CONVERSION = YES;
				CLANG_WARN_OBJC_ROOT_CLASS = YES_ERROR;
				CLANG_WARN_QUOTED_INCLUDE_IN_FRAMEWORK_HEADER = YES;
				CLANG_WARN_RANGE_LOOP_ANALYSIS = YES;
				CLANG_WARN_STRICT_PROTOTYPES = YES;
				CLANG_WARN_SUSPICIOUS_MOVE = YES;
				CLANG_WARN_UNGUARDED_AVAILABILITY = YES_AGGRESSIVE;
				CLANG_WARN_UNREACHABLE_CODE = YES;
				CLANG_WARN__DUPLICATE_METHOD_MATCH = YES;
				COPY_PHASE_STRIP = NO;
				DEBUG_INFORMATION_FORMAT = dwarf;
				ENABLE_STRICT_OBJC_MSGSEND = YES;
				ENABLE_TESTABILITY = YES;
				ENABLE_USER_SCRIPT_SANDBOXING = YES;
				GCC_C_LANGUAGE_STANDARD = gnu17;
				GCC_DYNAMIC_NO_PIC = NO;
				GCC_NO_COMMON_BLOCKS = YES;
				GCC_OPTIMIZATION_LEVEL = 0;
				GCC_PREPROCESSOR_DEFINITIONS = (
					"DEBUG=1",
					"$(inherited)",
				);
				GCC_WARN_64_TO_32_BIT_CONVERSION = YES;
				GCC_WARN_ABOUT_RETURN_TYPE = YES_ERROR;
				GCC_WARN_UNDECLARED_SELECTOR = YES;
				GCC_WARN_UNINITIALIZED_AUTOS = YES_AGGRESSIVE;
				GCC_WARN_UNUSED_FUNCTION = YES;
				GCC_WARN_UNUSED_VARIABLE = YES;
				IPHONEOS_DEPLOYMENT_TARGET = 17.5;
				LOCALIZATION_PREFERS_STRING_CATALOGS = YES;
				MTL_ENABLE_DEBUG_INFO = INCLUDE_SOURCE;
				MTL_FAST_MATH = YES;
				ONLY_ACTIVE_ARCH = YES;
				SDKROOT = iphoneos;
				SWIFT_ACTIVE_COMPILATION_CONDITIONS = "DEBUG $(inherited)";
				SWIFT_OPTIMIZATION_LEVEL = "-Onone";
			};
			name = Debug;
		};
		766986F22C6B6B5C000838A3 /* Release */ = {
			isa = XCBuildConfiguration;
			buildSettings = {
				ALWAYS_SEARCH_USER_PATHS = NO;
				ASSETCATALOG_COMPILER_GENERATE_SWIFT_ASSET_SYMBOL_EXTENSIONS = YES;
				CLANG_ANALYZER_NONNULL = YES;
				CLANG_ANALYZER_NUMBER_OBJECT_CONVERSION = YES_AGGRESSIVE;
				CLANG_CXX_LANGUAGE_STANDARD = "gnu++20";
				CLANG_ENABLE_MODULES = YES;
				CLANG_ENABLE_OBJC_ARC = YES;
				CLANG_ENABLE_OBJC_WEAK = YES;
				CLANG_WARN_BLOCK_CAPTURE_AUTORELEASING = YES;
				CLANG_WARN_BOOL_CONVERSION = YES;
				CLANG_WARN_COMMA = YES;
				CLANG_WARN_CONSTANT_CONVERSION = YES;
				CLANG_WARN_DEPRECATED_OBJC_IMPLEMENTATIONS = YES;
				CLANG_WARN_DIRECT_OBJC_ISA_USAGE = YES_ERROR;
				CLANG_WARN_DOCUMENTATION_COMMENTS = YES;
				CLANG_WARN_EMPTY_BODY = YES;
				CLANG_WARN_ENUM_CONVERSION = YES;
				CLANG_WARN_INFINITE_RECURSION = YES;
				CLANG_WARN_INT_CONVERSION = YES;
				CLANG_WARN_NON_LITERAL_NULL_CONVERSION = YES;
				CLANG_WARN_OBJC_IMPLICIT_RETAIN_SELF = YES;
				CLANG_WARN_OBJC_LITERAL_CONVERSION = YES;
				CLANG_WARN_OBJC_ROOT_CLASS = YES_ERROR;
				CLANG_WARN_QUOTED_INCLUDE_IN_FRAMEWORK_HEADER = YES;
				CLANG_WARN_RANGE_LOOP_ANALYSIS = YES;
				CLANG_WARN_STRICT_PROTOTYPES = YES;
				CLANG_WARN_SUSPICIOUS_MOVE = YES;
				CLANG_WARN_UNGUARDED_AVAILABILITY = YES_AGGRESSIVE;
				CLANG_WARN_UNREACHABLE_CODE = YES;
				CLANG_WARN__DUPLICATE_METHOD_MATCH = YES;
				COPY_PHASE_STRIP = NO;
				DEBUG_INFORMATION_FORMAT = "dwarf-with-dsym";
				ENABLE_NS_ASSERTIONS = NO;
				ENABLE_STRICT_OBJC_MSGSEND = YES;
				ENABLE_USER_SCRIPT_SANDBOXING = YES;
				GCC_C_LANGUAGE_STANDARD = gnu17;
				GCC_NO_COMMON_BLOCKS = YES;
				GCC_WARN_64_TO_32_BIT_CONVERSION = YES;
				GCC_WARN_ABOUT_RETURN_TYPE = YES_ERROR;
				GCC_WARN_UNDECLARED_SELECTOR = YES;
				GCC_WARN_UNINITIALIZED_AUTOS = YES_AGGRESSIVE;
				GCC_WARN_UNUSED_FUNCTION = YES;
				GCC_WARN_UNUSED_VARIABLE = YES;
				IPHONEOS_DEPLOYMENT_TARGET = 17.5;
				LOCALIZATION_PREFERS_STRING_CATALOGS = YES;
				MTL_ENABLE_DEBUG_INFO = NO;
				MTL_FAST_MATH = YES;
				SDKROOT = iphoneos;
				SWIFT_COMPILATION_MODE = wholemodule;
				VALIDATE_PRODUCT = YES;
			};
			name = Release;
		};
		766986F42C6B6B5C000838A3 /* Debug */ = {
			isa = XCBuildConfiguration;
			buildSettings = {
				ASSETCATALOG_COMPILER_APPICON_NAME = AppIcon;
				ASSETCATALOG_COMPILER_GLOBAL_ACCENT_COLOR_NAME = AccentColor;
				CODE_SIGN_STYLE = Automatic;
				CURRENT_PROJECT_VERSION = 1;
				DEVELOPMENT_ASSET_PATHS = "\"MC3/Preview Content\"";
				DEVELOPMENT_TEAM = NRAJG6453M;
				ENABLE_PREVIEWS = YES;
				GENERATE_INFOPLIST_FILE = YES;
				INFOPLIST_FILE = MC3/Info.plist;
				INFOPLIST_KEY_UIApplicationSceneManifest_Generation = YES;
				INFOPLIST_KEY_UIApplicationSupportsIndirectInputEvents = YES;
				INFOPLIST_KEY_UILaunchScreen_Generation = YES;
				INFOPLIST_KEY_UISupportedInterfaceOrientations_iPad = "UIInterfaceOrientationPortrait UIInterfaceOrientationPortraitUpsideDown UIInterfaceOrientationLandscapeLeft UIInterfaceOrientationLandscapeRight";
				INFOPLIST_KEY_UISupportedInterfaceOrientations_iPhone = "UIInterfaceOrientationPortrait UIInterfaceOrientationLandscapeLeft UIInterfaceOrientationLandscapeRight";
				LD_RUNPATH_SEARCH_PATHS = (
					"$(inherited)",
					"@executable_path/Frameworks",
				);
				MARKETING_VERSION = 1.0;
				PRODUCT_BUNDLE_IDENTIFIER = IOS.MC3;
				PRODUCT_NAME = "$(TARGET_NAME)";
				SWIFT_EMIT_LOC_STRINGS = YES;
				SWIFT_VERSION = 5.0;
				TARGETED_DEVICE_FAMILY = "1,2";
			};
			name = Debug;
		};
		766986F52C6B6B5C000838A3 /* Release */ = {
			isa = XCBuildConfiguration;
			buildSettings = {
				ASSETCATALOG_COMPILER_APPICON_NAME = AppIcon;
				ASSETCATALOG_COMPILER_GLOBAL_ACCENT_COLOR_NAME = AccentColor;
				CODE_SIGN_STYLE = Automatic;
				CURRENT_PROJECT_VERSION = 1;
				DEVELOPMENT_ASSET_PATHS = "\"MC3/Preview Content\"";
				DEVELOPMENT_TEAM = NRAJG6453M;
				ENABLE_PREVIEWS = YES;
				GENERATE_INFOPLIST_FILE = YES;
				INFOPLIST_FILE = MC3/Info.plist;
				INFOPLIST_KEY_UIApplicationSceneManifest_Generation = YES;
				INFOPLIST_KEY_UIApplicationSupportsIndirectInputEvents = YES;
				INFOPLIST_KEY_UILaunchScreen_Generation = YES;
				INFOPLIST_KEY_UISupportedInterfaceOrientations_iPad = "UIInterfaceOrientationPortrait UIInterfaceOrientationPortraitUpsideDown UIInterfaceOrientationLandscapeLeft UIInterfaceOrientationLandscapeRight";
				INFOPLIST_KEY_UISupportedInterfaceOrientations_iPhone = "UIInterfaceOrientationPortrait UIInterfaceOrientationLandscapeLeft UIInterfaceOrientationLandscapeRight";
				LD_RUNPATH_SEARCH_PATHS = (
					"$(inherited)",
					"@executable_path/Frameworks",
				);
				MARKETING_VERSION = 1.0;
				PRODUCT_BUNDLE_IDENTIFIER = IOS.MC3;
				PRODUCT_NAME = "$(TARGET_NAME)";
				SWIFT_EMIT_LOC_STRINGS = YES;
				SWIFT_VERSION = 5.0;
				TARGETED_DEVICE_FAMILY = "1,2";
			};
			name = Release;
		};
/* End XCBuildConfiguration section */

/* Begin XCConfigurationList section */
		766986DE2C6B6B5B000838A3 /* Build configuration list for PBXProject "MC3" */ = {
			isa = XCConfigurationList;
			buildConfigurations = (
				766986F12C6B6B5C000838A3 /* Debug */,
				766986F22C6B6B5C000838A3 /* Release */,
			);
			defaultConfigurationIsVisible = 0;
			defaultConfigurationName = Release;
		};
		766986F32C6B6B5C000838A3 /* Build configuration list for PBXNativeTarget "MC3" */ = {
			isa = XCConfigurationList;
			buildConfigurations = (
				766986F42C6B6B5C000838A3 /* Debug */,
				766986F52C6B6B5C000838A3 /* Release */,
			);
			defaultConfigurationIsVisible = 0;
			defaultConfigurationName = Release;
		};
/* End XCConfigurationList section */

/* Begin XCVersionGroup section */
		FFACC9082C6CA4C300FC3A82 /* db_model_v1.xcdatamodeld */ = {
			isa = XCVersionGroup;
			children = (
				FFACC9092C6CA4C300FC3A82 /* db_model_v1.xcdatamodel */,
			);
			currentVersion = FFACC9092C6CA4C300FC3A82 /* db_model_v1.xcdatamodel */;
			path = db_model_v1.xcdatamodeld;
			sourceTree = "<group>";
			versionGroupType = wrapper.xcdatamodel;
		};
/* End XCVersionGroup section */
	};
	rootObject = 766986DB2C6B6B5B000838A3 /* Project object */;
}
